{
	"name": "@wikimedia/kartotherian-substantial",
	"version": "1.0.2",
	"lockfileVersion": 1,
	"requires": true,
	"dependencies": {
		"bluebird": {
			"version": "3.7.2",
			"resolved": "https://registry.npmjs.org/bluebird/-/bluebird-3.7.2.tgz",
			"integrity": "sha512-XpNj6GDQzdfW+r2Wnn7xiSAd7TM3jzkxGXBGTtWKuSXv1xUV+azxAm8jdWZN06QTQk+2N2XB9jRDkvbmQmcRtg=="
		},
		"quadtile-index": {
			"version": "0.0.6",
			"resolved": "https://registry.npmjs.org/quadtile-index/-/quadtile-index-0.0.6.tgz",
			"integrity": "sha1-B4/cdmwuHTwoj07SQIQrxb74Wos="
		},
		"underscore": {
			"version": "1.11.0",
			"resolved": "https://registry.npmjs.org/underscore/-/underscore-1.11.0.tgz",
			"integrity": "sha512-xY96SsN3NA461qIRKZ/+qox37YXPtSBswMGfiNptr+wrt6ds4HaMw23TP612fEyGekRE6LNRiLYr/aqbHXNedw=="
		}
	}
}
