{
	"name": "@kartotherian/substantial",
	"version": "0.0.12-alpha.0",
	"lockfileVersion": 1,
	"requires": true,
	"dependencies": {
		"bluebird": {
			"version": "3.7.1",
			"resolved": "https://registry.npmjs.org/bluebird/-/bluebird-3.7.1.tgz",
			"integrity": "sha512-DdmyoGCleJnkbp3nkbxTLJ18rjDsE4yCggEwKNXkeV123sPNfOCYeDoeuOY+F2FrSjO1YXcTU+dsy96KMy+gcg=="
		},
		"quadtile-index": {
			"version": "0.0.6",
			"resolved": "https://registry.npmjs.org/quadtile-index/-/quadtile-index-0.0.6.tgz",
			"integrity": "sha1-B4/cdmwuHTwoj07SQIQrxb74Wos="
		},
		"underscore": {
			"version": "1.9.1",
			"resolved": "https://registry.npmjs.org/underscore/-/underscore-1.9.1.tgz",
			"integrity": "sha512-5/4etnCkd9c8gwgowi5/om/mYO5ajCaOgdzj/oW+0eQV9WxKBDZw5+ycmKmeaTXjInS/W0BzpGLo2xR2aBwZdg=="
		}
	}
}
