{
	"name": "@wikimedia/kartotherian-substantial",
	"version": "1.0.3",
	"lockfileVersion": 1,
	"requires": true,
	"dependencies": {
		"bluebird": {
			"version": "3.7.2",
			"resolved": "https://registry.npmjs.org/bluebird/-/bluebird-3.7.2.tgz",
			"integrity": "sha512-XpNj6GDQzdfW+r2Wnn7xiSAd7TM3jzkxGXBGTtWKuSXv1xUV+azxAm8jdWZN06QTQk+2N2XB9jRDkvbmQmcRtg=="
		},
		"quadtile-index": {
			"version": "0.0.6",
			"resolved": "https://registry.npmjs.org/quadtile-index/-/quadtile-index-0.0.6.tgz",
			"integrity": "sha1-B4/cdmwuHTwoj07SQIQrxb74Wos="
		},
		"underscore": {
			"version": "1.13.2",
			"resolved": "https://registry.npmjs.org/underscore/-/underscore-1.13.2.tgz",
			"integrity": "sha512-ekY1NhRzq0B08g4bGuX4wd2jZx5GnKz6mKSqFL4nqBlfyMGiG10gDFhDTMEfYmDL6Jy0FUIZp7wiRB+0BP7J2g=="
		}
	}
}
