{
	"name": "@kartotherian/overzoom",
	"version": "0.0.18-alpha.0",
	"lockfileVersion": 1,
	"requires": true,
	"dependencies": {
		"bluebird": {
			"version": "3.5.5",
			"resolved": "https://registry.npmjs.org/bluebird/-/bluebird-3.5.5.tgz",
			"integrity": "sha512-5am6HnnfN+urzt4yfg7IgTbotDjIT/u8AJpEt0sIU9FtXfVeezXAPKswrG+xKUCOYAINpSdgZVDU6QFh+cuH3w=="
		},
		"quadtile-index": {
			"version": "0.0.6",
			"resolved": "https://registry.npmjs.org/quadtile-index/-/quadtile-index-0.0.6.tgz",
			"integrity": "sha1-B4/cdmwuHTwoj07SQIQrxb74Wos="
		},
		"tilelive-promise": {
			"version": "2.0.0",
			"resolved": "https://registry.npmjs.org/tilelive-promise/-/tilelive-promise-2.0.0.tgz",
			"integrity": "sha1-YgwZugoE93YZn5nloj+Un6BAxTI=",
			"requires": {
				"quadtile-index": "^0.0.6"
			}
		}
	}
}
